
Microsoft Visual Studio Solution File, Format Version 12.00
# Visual Studio Version 17
VisualStudioVersion = 17.2.32516.85
MinimumVisualStudioVersion = 10.0.40219.1
Project("{9A19103F-16F7-4668-BE54-9A1E7A4F7556}") = "Management1", "Management1\Management1.csproj", "{33EB3C10-C209-4335-ABB5-EF40A1B46C73}"
EndProject
Project("{2150E333-8FDC-42A3-9474-1A3956D46DE8}") = "UnitTesting", "UnitTesting", "{F2332694-C42C-495D-8AA0-E2304F92CEAB}"
EndProject
Project("{FAE04EC0-301F-11D3-BF4B-00C04F79EFBC}") = "Management1UnitTesting", "Management1UnitTesting\Management1UnitTesting.csproj", "{C75054D7-EC8B-4349-9AFB-78F895A4DF61}"
EndProject
Global
	GlobalSection(SolutionConfigurationPlatforms) = preSolution
		Debug|Any CPU = Debug|Any CPU
		Release|Any CPU = Release|Any CPU
	EndGlobalSection
	GlobalSection(ProjectConfigurationPlatforms) = postSolution
		{33EB3C10-C209-4335-ABB5-EF40A1B46C73}.Debug|Any CPU.ActiveCfg = Debug|Any CPU
		{33EB3C10-C209-4335-ABB5-EF40A1B46C73}.Debug|Any CPU.Build.0 = Debug|Any CPU
		{33EB3C10-C209-4335-ABB5-EF40A1B46C73}.Release|Any CPU.ActiveCfg = Release|Any CPU
		{33EB3C10-C209-4335-ABB5-EF40A1B46C73}.Release|Any CPU.Build.0 = Release|Any CPU
		{C75054D7-EC8B-4349-9AFB-78F895A4DF61}.Debug|Any CPU.ActiveCfg = Debug|Any CPU
		{C75054D7-EC8B-4349-9AFB-78F895A4DF61}.Debug|Any CPU.Build.0 = Debug|Any CPU
		{C75054D7-EC8B-4349-9AFB-78F895A4DF61}.Release|Any CPU.ActiveCfg = Release|Any CPU
		{C75054D7-EC8B-4349-9AFB-78F895A4DF61}.Release|Any CPU.Build.0 = Release|Any CPU
	EndGlobalSection
	GlobalSection(SolutionProperties) = preSolution
		HideSolutionNode = FALSE
	EndGlobalSection
	GlobalSection(NestedProjects) = preSolution
		{C75054D7-EC8B-4349-9AFB-78F895A4DF61} = {F2332694-C42C-495D-8AA0-E2304F92CEAB}
	EndGlobalSection
	GlobalSection(ExtensibilityGlobals) = postSolution
		SolutionGuid = {916ADE79-9692-4329-8F1A-785F57C9A280}
	EndGlobalSection
EndGlobal
